
Microsoft Visual Studio Solution File, Format Version 12.00
# Visual Studio Version 17
VisualStudioVersion = 17.14.36518.9 d17.14
MinimumVisualStudioVersion = 10.0.40219.1
Project("{FAE04EC0-301F-11D3-BF4B-00C04F79EFBC}") = "GradinariuAndreiLab7", "GradinariuAndreiLab7.csproj", "{2152F2CF-A6BF-4414-AD91-692BBFC31BDB}"
EndProject
Global
	GlobalSection(SolutionConfigurationPlatforms) = preSolution
		Debug|Any CPU = Debug|Any CPU
		Release|Any CPU = Release|Any CPU
	EndGlobalSection
	GlobalSection(ProjectConfigurationPlatforms) = postSolution
		{2152F2CF-A6BF-4414-AD91-692BBFC31BDB}.Debug|Any CPU.ActiveCfg = Debug|Any CPU
		{2152F2CF-A6BF-4414-AD91-692BBFC31BDB}.Debug|Any CPU.Build.0 = Debug|Any CPU
		{2152F2CF-A6BF-4414-AD91-692BBFC31BDB}.Debug|Any CPU.Deploy.0 = Debug|Any CPU
		{2152F2CF-A6BF-4414-AD91-692BBFC31BDB}.Release|Any CPU.ActiveCfg = Release|Any CPU
		{2152F2CF-A6BF-4414-AD91-692BBFC31BDB}.Release|Any CPU.Build.0 = Release|Any CPU
		{2152F2CF-A6BF-4414-AD91-692BBFC31BDB}.Release|Any CPU.Deploy.0 = Release|Any CPU
	EndGlobalSection
	GlobalSection(SolutionProperties) = preSolution
		HideSolutionNode = FALSE
	EndGlobalSection
	GlobalSection(ExtensibilityGlobals) = postSolution
		SolutionGuid = {710E8BB3-2C48-4F64-9012-F436B0D9EF57}
	EndGlobalSection
EndGlobal
